
Microsoft Visual Studio Solution File, Format Version 12.00
# Visual Studio Version 17
VisualStudioVersion = 17.2.32519.379
MinimumVisualStudioVersion = 10.0.40219.1
Project("{8BC9CEB8-8B4A-11D0-8D11-00A0C91BC942}") = "client", "client\client.vcxproj", "{12DCD201-E2A3-4A8C-9EAE-706EE1D79D18}"
EndProject
Global
	GlobalSection(SolutionConfigurationPlatforms) = preSolution
		Debug|x64 = Debug|x64
		Debug|x86 = Debug|x86
		Release|x64 = Release|x64
		Release|x86 = Release|x86
	EndGlobalSection
	GlobalSection(ProjectConfigurationPlatforms) = postSolution
		{12DCD201-E2A3-4A8C-9EAE-706EE1D79D18}.Debug|x64.ActiveCfg = Debug|x64
		{12DCD201-E2A3-4A8C-9EAE-706EE1D79D18}.Debug|x64.Build.0 = Debug|x64
		{12DCD201-E2A3-4A8C-9EAE-706EE1D79D18}.Debug|x86.ActiveCfg = Debug|Win32
		{12DCD201-E2A3-4A8C-9EAE-706EE1D79D18}.Debug|x86.Build.0 = Debug|Win32
		{12DCD201-E2A3-4A8C-9EAE-706EE1D79D18}.Release|x64.ActiveCfg = Release|x64
		{12DCD201-E2A3-4A8C-9EAE-706EE1D79D18}.Release|x64.Build.0 = Release|x64
		{12DCD201-E2A3-4A8C-9EAE-706EE1D79D18}.Release|x86.ActiveCfg = Release|Win32
		{12DCD201-E2A3-4A8C-9EAE-706EE1D79D18}.Release|x86.Build.0 = Release|Win32
	EndGlobalSection
	GlobalSection(SolutionProperties) = preSolution
		HideSolutionNode = FALSE
	EndGlobalSection
	GlobalSection(ExtensibilityGlobals) = postSolution
		SolutionGuid = {0E8813F1-0821-4B0F-9B71-7CBA4DDEBE08}
	EndGlobalSection
EndGlobal
